
Microsoft Visual Studio Solution File, Format Version 12.00
# Visual Studio Version 16
VisualStudioVersion = 16.0.31019.35
MinimumVisualStudioVersion = 10.0.40219.1
Project("{FAE04EC0-301F-11D3-BF4B-00C04F79EFBC}") = "hiold-muwu-trade-dllplugin", "hiold-muwu-trade-dllplugin.csproj", "{81DA7F87-1A66-4920-AADA-6EAF1971F8D0}"
EndProject
Project("{FAE04EC0-301F-11D3-BF4B-00C04F79EFBC}") = "ConsoleApp2", "..\ConsoleApp2\ConsoleApp2.csproj", "{39DEED8D-4EF8-466C-A1DE-28313A8A7208}"
EndProject
Project("{FAE04EC0-301F-11D3-BF4B-00C04F79EFBC}") = "hiold-trade-starter", "hiold-trade-starter\hiold-trade-starter.csproj", "{861B20D1-CFBC-4309-B132-3F71320DCE64}"
EndProject
Project("{FAE04EC0-301F-11D3-BF4B-00C04F79EFBC}") = "QQ_BOTPlugin", "QQ_BOTPlugin\QQ_BOTPlugin.csproj", "{E3B2E035-369D-43EE-9570-487A35FEFB13}"
EndProject
Project("{FAE04EC0-301F-11D3-BF4B-00C04F79EFBC}") = "damage-fixer", "damage-fixer\damage-fixer.csproj", "{34C0570C-E4CF-454D-8C0F-685EE1D2B34B}"
EndProject
Project("{FAE04EC0-301F-11D3-BF4B-00C04F79EFBC}") = "hide-and-seek", "hide-and-seek\hide-and-seek.csproj", "{73B1806B-065E-4D3C-A0F4-33C6E1CB8DF8}"
EndProject
Project("{FAE04EC0-301F-11D3-BF4B-00C04F79EFBC}") = "wys_plugin", "wys_plugin\wys_plugin.csproj", "{0BBC84D2-DD31-4EE6-9658-7EB04389BF26}"
EndProject
Global
	GlobalSection(SolutionConfigurationPlatforms) = preSolution
		Debug|Any CPU = Debug|Any CPU
		Release|Any CPU = Release|Any CPU
	EndGlobalSection
	GlobalSection(ProjectConfigurationPlatforms) = postSolution
		{81DA7F87-1A66-4920-AADA-6EAF1971F8D0}.Debug|Any CPU.ActiveCfg = Release|Any CPU
		{81DA7F87-1A66-4920-AADA-6EAF1971F8D0}.Debug|Any CPU.Build.0 = Release|Any CPU
		{81DA7F87-1A66-4920-AADA-6EAF1971F8D0}.Release|Any CPU.ActiveCfg = Release|Any CPU
		{81DA7F87-1A66-4920-AADA-6EAF1971F8D0}.Release|Any CPU.Build.0 = Release|Any CPU
		{39DEED8D-4EF8-466C-A1DE-28313A8A7208}.Debug|Any CPU.ActiveCfg = Debug|Any CPU
		{39DEED8D-4EF8-466C-A1DE-28313A8A7208}.Debug|Any CPU.Build.0 = Debug|Any CPU
		{39DEED8D-4EF8-466C-A1DE-28313A8A7208}.Release|Any CPU.ActiveCfg = Release|Any CPU
		{39DEED8D-4EF8-466C-A1DE-28313A8A7208}.Release|Any CPU.Build.0 = Release|Any CPU
		{861B20D1-CFBC-4309-B132-3F71320DCE64}.Debug|Any CPU.ActiveCfg = Debug|Any CPU
		{861B20D1-CFBC-4309-B132-3F71320DCE64}.Debug|Any CPU.Build.0 = Debug|Any CPU
		{861B20D1-CFBC-4309-B132-3F71320DCE64}.Release|Any CPU.ActiveCfg = Release|Any CPU
		{861B20D1-CFBC-4309-B132-3F71320DCE64}.Release|Any CPU.Build.0 = Release|Any CPU
		{E3B2E035-369D-43EE-9570-487A35FEFB13}.Debug|Any CPU.ActiveCfg = Debug|Any CPU
		{E3B2E035-369D-43EE-9570-487A35FEFB13}.Debug|Any CPU.Build.0 = Debug|Any CPU
		{E3B2E035-369D-43EE-9570-487A35FEFB13}.Release|Any CPU.ActiveCfg = Release|Any CPU
		{E3B2E035-369D-43EE-9570-487A35FEFB13}.Release|Any CPU.Build.0 = Release|Any CPU
		{34C0570C-E4CF-454D-8C0F-685EE1D2B34B}.Debug|Any CPU.ActiveCfg = Debug|Any CPU
		{34C0570C-E4CF-454D-8C0F-685EE1D2B34B}.Debug|Any CPU.Build.0 = Debug|Any CPU
		{34C0570C-E4CF-454D-8C0F-685EE1D2B34B}.Release|Any CPU.ActiveCfg = Release|Any CPU
		{34C0570C-E4CF-454D-8C0F-685EE1D2B34B}.Release|Any CPU.Build.0 = Release|Any CPU
		{73B1806B-065E-4D3C-A0F4-33C6E1CB8DF8}.Debug|Any CPU.ActiveCfg = Debug|Any CPU
		{73B1806B-065E-4D3C-A0F4-33C6E1CB8DF8}.Debug|Any CPU.Build.0 = Debug|Any CPU
		{73B1806B-065E-4D3C-A0F4-33C6E1CB8DF8}.Release|Any CPU.ActiveCfg = Release|Any CPU
		{73B1806B-065E-4D3C-A0F4-33C6E1CB8DF8}.Release|Any CPU.Build.0 = Release|Any CPU
		{0BBC84D2-DD31-4EE6-9658-7EB04389BF26}.Debug|Any CPU.ActiveCfg = Debug|Any CPU
		{0BBC84D2-DD31-4EE6-9658-7EB04389BF26}.Debug|Any CPU.Build.0 = Debug|Any CPU
		{0BBC84D2-DD31-4EE6-9658-7EB04389BF26}.Release|Any CPU.ActiveCfg = Release|Any CPU
		{0BBC84D2-DD31-4EE6-9658-7EB04389BF26}.Release|Any CPU.Build.0 = Release|Any CPU
	EndGlobalSection
	GlobalSection(SolutionProperties) = preSolution
		HideSolutionNode = FALSE
	EndGlobalSection
	GlobalSection(ExtensibilityGlobals) = postSolution
		SolutionGuid = {57209900-F54F-4478-973E-02D7277EB7E1}
	EndGlobalSection
	GlobalSection(MonoDevelopProperties) = preSolution
		StartupItem = hiold-muwu-trade-dllplugin.csproj
	EndGlobalSection
EndGlobal
